
Microsoft Visual Studio Solution File, Format Version 12.00
# Visual Studio Version 17
VisualStudioVersion = 17.1.32328.378
MinimumVisualStudioVersion = 10.0.40219.1
Project("{FAE04EC0-301F-11D3-BF4B-00C04F79EFBC}") = "TestApp", "TestApp\TestApp.csproj", "{49D6F185-BAA2-45CA-AEC7-E137DA60B3CE}"
EndProject
Project("{FAE04EC0-301F-11D3-BF4B-00C04F79EFBC}") = "TestApp.UnitTests", "TestApp.UnitTests\TestApp.UnitTests.csproj", "{6561DA0A-929E-4DFD-95AA-8DA80CC76D96}"
	ProjectSection(ProjectDependencies) = postProject
		{49D6F185-BAA2-45CA-AEC7-E137DA60B3CE} = {49D6F185-BAA2-45CA-AEC7-E137DA60B3CE}
	EndProjectSection
EndProject
Global
	GlobalSection(SolutionConfigurationPlatforms) = preSolution
		Debug|Any CPU = Debug|Any CPU
		Release|Any CPU = Release|Any CPU
	EndGlobalSection
	GlobalSection(ProjectConfigurationPlatforms) = postSolution
		{49D6F185-BAA2-45CA-AEC7-E137DA60B3CE}.Debug|Any CPU.ActiveCfg = Debug|Any CPU
		{49D6F185-BAA2-45CA-AEC7-E137DA60B3CE}.Debug|Any CPU.Build.0 = Debug|Any CPU
		{49D6F185-BAA2-45CA-AEC7-E137DA60B3CE}.Release|Any CPU.ActiveCfg = Release|Any CPU
		{49D6F185-BAA2-45CA-AEC7-E137DA60B3CE}.Release|Any CPU.Build.0 = Release|Any CPU
		{6561DA0A-929E-4DFD-95AA-8DA80CC76D96}.Debug|Any CPU.ActiveCfg = Debug|Any CPU
		{6561DA0A-929E-4DFD-95AA-8DA80CC76D96}.Debug|Any CPU.Build.0 = Debug|Any CPU
		{6561DA0A-929E-4DFD-95AA-8DA80CC76D96}.Release|Any CPU.ActiveCfg = Release|Any CPU
		{6561DA0A-929E-4DFD-95AA-8DA80CC76D96}.Release|Any CPU.Build.0 = Release|Any CPU
	EndGlobalSection
	GlobalSection(SolutionProperties) = preSolution
		HideSolutionNode = FALSE
	EndGlobalSection
	GlobalSection(ExtensibilityGlobals) = postSolution
		SolutionGuid = {8DF54EDC-4B87-4AF3-BF47-45553DC11B4B}
	EndGlobalSection
EndGlobal
